
Microsoft Visual Studio Solution File, Format Version 12.00
# Visual Studio Version 16
VisualStudioVersion = 16.0.30011.22
MinimumVisualStudioVersion = 10.0.40219.1
Project("{FAE04EC0-301F-11D3-BF4B-00C04F79EFBC}") = "TehnoclinicCRM_WinFormsCode", "TehnoclinicCRM_WinFormsCode\TehnoclinicCRM_WinFormsCode.csproj", "{00D76D5D-C254-46DA-9583-BCA5007C3ECD}"
EndProject
Global
	GlobalSection(SolutionConfigurationPlatforms) = preSolution
		Debug|Any CPU = Debug|Any CPU
		Release|Any CPU = Release|Any CPU
	EndGlobalSection
	GlobalSection(ProjectConfigurationPlatforms) = postSolution
		{00D76D5D-C254-46DA-9583-BCA5007C3ECD}.Debug|Any CPU.ActiveCfg = Debug|Any CPU
		{00D76D5D-C254-46DA-9583-BCA5007C3ECD}.Debug|Any CPU.Build.0 = Debug|Any CPU
		{00D76D5D-C254-46DA-9583-BCA5007C3ECD}.Release|Any CPU.ActiveCfg = Release|Any CPU
		{00D76D5D-C254-46DA-9583-BCA5007C3ECD}.Release|Any CPU.Build.0 = Release|Any CPU
	EndGlobalSection
	GlobalSection(SolutionProperties) = preSolution
		HideSolutionNode = FALSE
	EndGlobalSection
	GlobalSection(ExtensibilityGlobals) = postSolution
		SolutionGuid = {58B7DE8A-BD76-470D-BC31-18896A71A267}
	EndGlobalSection
EndGlobal
